
Microsoft Visual Studio Solution File, Format Version 12.00
# Visual Studio Version 17
VisualStudioVersion = 17.3.32825.248
MinimumVisualStudioVersion = 10.0.40219.1
Project("{FAE04EC0-301F-11D3-BF4B-00C04F79EFBC}") = "SQLine", "SQLine\SQLine.csproj", "{97D0D435-30EE-45FC-AAB6-92BDF2C71074}"
EndProject
Global
	GlobalSection(SolutionConfigurationPlatforms) = preSolution
		Debug|Any CPU = Debug|Any CPU
		Release|Any CPU = Release|Any CPU
	EndGlobalSection
	GlobalSection(ProjectConfigurationPlatforms) = postSolution
		{97D0D435-30EE-45FC-AAB6-92BDF2C71074}.Debug|Any CPU.ActiveCfg = Debug|Any CPU
		{97D0D435-30EE-45FC-AAB6-92BDF2C71074}.Debug|Any CPU.Build.0 = Debug|Any CPU
		{97D0D435-30EE-45FC-AAB6-92BDF2C71074}.Release|Any CPU.ActiveCfg = Release|Any CPU
		{97D0D435-30EE-45FC-AAB6-92BDF2C71074}.Release|Any CPU.Build.0 = Release|Any CPU
	EndGlobalSection
	GlobalSection(SolutionProperties) = preSolution
		HideSolutionNode = FALSE
	EndGlobalSection
	GlobalSection(ExtensibilityGlobals) = postSolution
		SolutionGuid = {77881AC9-67D6-4259-98EA-1F07A9B5200A}
	EndGlobalSection
EndGlobal
